
Microsoft Visual Studio Solution File, Format Version 12.00
# Visual Studio Version 17
VisualStudioVersion = 17.6.33829.357
MinimumVisualStudioVersion = 10.0.40219.1
Project("{FAE04EC0-301F-11D3-BF4B-00C04F79EFBC}") = "Winery", "Winery\Winery.csproj", "{E46FF662-D097-4BC1-B23E-07B9758B3E78}"
EndProject
Global
	GlobalSection(SolutionConfigurationPlatforms) = preSolution
		Debug|Any CPU = Debug|Any CPU
		Release|Any CPU = Release|Any CPU
	EndGlobalSection
	GlobalSection(ProjectConfigurationPlatforms) = postSolution
		{E46FF662-D097-4BC1-B23E-07B9758B3E78}.Debug|Any CPU.ActiveCfg = Debug|Any CPU
		{E46FF662-D097-4BC1-B23E-07B9758B3E78}.Debug|Any CPU.Build.0 = Debug|Any CPU
		{E46FF662-D097-4BC1-B23E-07B9758B3E78}.Release|Any CPU.ActiveCfg = Release|Any CPU
		{E46FF662-D097-4BC1-B23E-07B9758B3E78}.Release|Any CPU.Build.0 = Release|Any CPU
	EndGlobalSection
	GlobalSection(SolutionProperties) = preSolution
		HideSolutionNode = FALSE
	EndGlobalSection
	GlobalSection(ExtensibilityGlobals) = postSolution
		SolutionGuid = {6AE4078A-937F-4FCF-BEFA-D33CC434BB7E}
	EndGlobalSection
EndGlobal
